// !$*UTF8*$!
{
	archiveVersion = 1;
	classes = {
	};
	objectVersion = 42;
	objects = {

/* Begin PBXBuildFile section */
		BBAB23CB13894F3D00AA2426 /* GLUT.framework in CopyFiles */ = {isa = PBXBuildFile; fileRef = BBAB23BE13894E4700AA2426 /* GLUT.framework */; };
		C653791818B78B07005F490B /* libNiTE2.dylib in Frameworks */ = {isa = PBXBuildFile; fileRef = C65378CE18B78B07005F490B /* libNiTE2.dylib */; };
		C653791918B78B07005F490B /* libFreenectDriver.dylib in Frameworks */ = {isa = PBXBuildFile; fileRef = C65378F918B78B07005F490B /* libFreenectDriver.dylib */; };
		C653791A18B78B07005F490B /* libOniFile.dylib in Frameworks */ = {isa = PBXBuildFile; fileRef = C65378FA18B78B07005F490B /* libOniFile.dylib */; };
		C653791B18B78B07005F490B /* libPS1080.dylib in Frameworks */ = {isa = PBXBuildFile; fileRef = C65378FB18B78B07005F490B /* libPS1080.dylib */; };
		C653791C18B78B07005F490B /* libPSLink.dylib in Frameworks */ = {isa = PBXBuildFile; fileRef = C65378FC18B78B07005F490B /* libPSLink.dylib */; };
		C653791D18B78B07005F490B /* libOpenNI2.dylib in Frameworks */ = {isa = PBXBuildFile; fileRef = C65378FD18B78B07005F490B /* libOpenNI2.dylib */; };
		C653791E18B78B07005F490B /* libusb-1.0.0.dylib in Frameworks */ = {isa = PBXBuildFile; fileRef = C65378FE18B78B07005F490B /* libusb-1.0.0.dylib */; };
		C653791F18B78B07005F490B /* ofxNI2.cpp in Sources */ = {isa = PBXBuildFile; fileRef = C653790418B78B07005F490B /* ofxNI2.cpp */; };
		C653792018B78B07005F490B /* ofxNiTE2.cpp in Sources */ = {isa = PBXBuildFile; fileRef = C653790618B78B07005F490B /* ofxNiTE2.cpp */; };
		C6537E0218B7A7EA005F490B /* Client.cpp in Sources */ = {isa = PBXBuildFile; fileRef = C6537D9C18B7A76C005F490B /* Client.cpp */; };
		C6537E0318B7A7EA005F490B /* Connection.cpp in Sources */ = {isa = PBXBuildFile; fileRef = C6537D9D18B7A76C005F490B /* Connection.cpp */; };
		C6537E0418B7A7EA005F490B /* Events.cpp in Sources */ = {isa = PBXBuildFile; fileRef = C6537D9E18B7A76C005F490B /* Events.cpp */; };
		C6537E0518B7A7EA005F490B /* Protocol.cpp in Sources */ = {isa = PBXBuildFile; fileRef = C6537D9F18B7A76C005F490B /* Protocol.cpp */; };
		C6537E0618B7A7EA005F490B /* Reactor.cpp in Sources */ = {isa = PBXBuildFile; fileRef = C6537DA018B7A76C005F490B /* Reactor.cpp */; };
		C6537E0718B7A7EA005F490B /* Server.cpp in Sources */ = {isa = PBXBuildFile; fileRef = C6537DA118B7A76C005F490B /* Server.cpp */; };
		C6537E0818B7A812005F490B /* jsoncpp.cpp in Sources */ = {isa = PBXBuildFile; fileRef = C6537D7518B7A76C005F490B /* jsoncpp.cpp */; };
		C6537E0B18B7A939005F490B /* openFrameworksDebug.a in Frameworks */ = {isa = PBXBuildFile; fileRef = C6537E0A18B7A939005F490B /* openFrameworksDebug.a */; };
		E45BE97B0E8CC7DD009D7055 /* AGL.framework in Frameworks */ = {isa = PBXBuildFile; fileRef = E45BE9710E8CC7DD009D7055 /* AGL.framework */; };
		E45BE97C0E8CC7DD009D7055 /* ApplicationServices.framework in Frameworks */ = {isa = PBXBuildFile; fileRef = E45BE9720E8CC7DD009D7055 /* ApplicationServices.framework */; };
		E45BE97D0E8CC7DD009D7055 /* AudioToolbox.framework in Frameworks */ = {isa = PBXBuildFile; fileRef = E45BE9730E8CC7DD009D7055 /* AudioToolbox.framework */; };
		E45BE97E0E8CC7DD009D7055 /* Carbon.framework in Frameworks */ = {isa = PBXBuildFile; fileRef = E45BE9740E8CC7DD009D7055 /* Carbon.framework */; };
		E45BE97F0E8CC7DD009D7055 /* CoreAudio.framework in Frameworks */ = {isa = PBXBuildFile; fileRef = E45BE9750E8CC7DD009D7055 /* CoreAudio.framework */; };
		E45BE9800E8CC7DD009D7055 /* CoreFoundation.framework in Frameworks */ = {isa = PBXBuildFile; fileRef = E45BE9760E8CC7DD009D7055 /* CoreFoundation.framework */; };
		E45BE9810E8CC7DD009D7055 /* CoreServices.framework in Frameworks */ = {isa = PBXBuildFile; fileRef = E45BE9770E8CC7DD009D7055 /* CoreServices.framework */; };
		E45BE9830E8CC7DD009D7055 /* OpenGL.framework in Frameworks */ = {isa = PBXBuildFile; fileRef = E45BE9790E8CC7DD009D7055 /* OpenGL.framework */; };
		E45BE9840E8CC7DD009D7055 /* QuickTime.framework in Frameworks */ = {isa = PBXBuildFile; fileRef = E45BE97A0E8CC7DD009D7055 /* QuickTime.framework */; };
		E4B69E200A3A1BDC003C02F2 /* main.cpp in Sources */ = {isa = PBXBuildFile; fileRef = E4B69E1D0A3A1BDC003C02F2 /* main.cpp */; };
		E4B69E210A3A1BDC003C02F2 /* ofApp.cpp in Sources */ = {isa = PBXBuildFile; fileRef = E4B69E1E0A3A1BDC003C02F2 /* ofApp.cpp */; };
		E4C2424710CC5A17004149E2 /* AppKit.framework in Frameworks */ = {isa = PBXBuildFile; fileRef = E4C2424410CC5A17004149E2 /* AppKit.framework */; };
		E4C2424810CC5A17004149E2 /* Cocoa.framework in Frameworks */ = {isa = PBXBuildFile; fileRef = E4C2424510CC5A17004149E2 /* Cocoa.framework */; };
		E4C2424910CC5A17004149E2 /* IOKit.framework in Frameworks */ = {isa = PBXBuildFile; fileRef = E4C2424610CC5A17004149E2 /* IOKit.framework */; };
		E4EB6799138ADC1D00A09F29 /* GLUT.framework in Frameworks */ = {isa = PBXBuildFile; fileRef = BBAB23BE13894E4700AA2426 /* GLUT.framework */; };
		E7E077E515D3B63C0020DFD4 /* CoreVideo.framework in Frameworks */ = {isa = PBXBuildFile; fileRef = E7E077E415D3B63C0020DFD4 /* CoreVideo.framework */; };
		E7E077E815D3B6510020DFD4 /* QTKit.framework in Frameworks */ = {isa = PBXBuildFile; fileRef = E7E077E715D3B6510020DFD4 /* QTKit.framework */; };
		E7F985F815E0DEA3003869B5 /* Accelerate.framework in Frameworks */ = {isa = PBXBuildFile; fileRef = E7F985F515E0DE99003869B5 /* Accelerate.framework */; };
/* End PBXBuildFile section */

/* Begin PBXCopyFilesBuildPhase section */
		E4C2427710CC5ABF004149E2 /* CopyFiles */ = {
			isa = PBXCopyFilesBuildPhase;
			buildActionMask = 2147483647;
			dstPath = "";
			dstSubfolderSpec = 10;
			files = (
				BBAB23CB13894F3D00AA2426 /* GLUT.framework in CopyFiles */,
			);
			runOnlyForDeploymentPostprocessing = 0;
		};
/* End PBXCopyFilesBuildPhase section */

/* Begin PBXFileReference section */
		BBAB23BE13894E4700AA2426 /* GLUT.framework */ = {isa = PBXFileReference; lastKnownFileType = wrapper.framework; name = GLUT.framework; path = ../../../libs/glut/lib/osx/GLUT.framework; sourceTree = "<group>"; };
		C653787B18B78B06005F490B /* .gitignore */ = {isa = PBXFileReference; fileEncoding = 4; lastKnownFileType = text; path = .gitignore; sourceTree = "<group>"; };
		C65378C618B78B07005F490B /* NiTE.h */ = {isa = PBXFileReference; fileEncoding = 4; lastKnownFileType = sourcecode.c.h; path = NiTE.h; sourceTree = "<group>"; };
		C65378C718B78B07005F490B /* NiteCAPI.h */ = {isa = PBXFileReference; fileEncoding = 4; lastKnownFileType = sourcecode.c.h; path = NiteCAPI.h; sourceTree = "<group>"; };
		C65378C818B78B07005F490B /* NiteCEnums.h */ = {isa = PBXFileReference; fileEncoding = 4; lastKnownFileType = sourcecode.c.h; path = NiteCEnums.h; sourceTree = "<group>"; };
		C65378C918B78B07005F490B /* NiteCTypes.h */ = {isa = PBXFileReference; fileEncoding = 4; lastKnownFileType = sourcecode.c.h; path = NiteCTypes.h; sourceTree = "<group>"; };
		C65378CA18B78B07005F490B /* NiteEnums.h */ = {isa = PBXFileReference; fileEncoding = 4; lastKnownFileType = sourcecode.c.h; path = NiteEnums.h; sourceTree = "<group>"; };
		C65378CB18B78B07005F490B /* NiteVersion.h */ = {isa = PBXFileReference; fileEncoding = 4; lastKnownFileType = sourcecode.c.h; path = NiteVersion.h; sourceTree = "<group>"; };
		C65378CE18B78B07005F490B /* libNiTE2.dylib */ = {isa = PBXFileReference; lastKnownFileType = "compiled.mach-o.dylib"; path = libNiTE2.dylib; sourceTree = "<group>"; };
		C65378CF18B78B07005F490B /* NiTE.ini */ = {isa = PBXFileReference; fileEncoding = 4; lastKnownFileType = text; path = NiTE.ini; sourceTree = "<group>"; };
		C65378D218B78B07005F490B /* lbsdata.idx */ = {isa = PBXFileReference; lastKnownFileType = file; path = lbsdata.idx; sourceTree = "<group>"; };
		C65378D318B78B07005F490B /* lbsdata.lbd */ = {isa = PBXFileReference; lastKnownFileType = file; path = lbsdata.lbd; sourceTree = "<group>"; };
		C65378D418B78B07005F490B /* lbsparam1.lbd */ = {isa = PBXFileReference; lastKnownFileType = file; path = lbsparam1.lbd; sourceTree = "<group>"; };
		C65378D518B78B07005F490B /* lbsparam2.lbd */ = {isa = PBXFileReference; lastKnownFileType = file; path = lbsparam2.lbd; sourceTree = "<group>"; };
		C65378D618B78B07005F490B /* FeatureExtraction.ini */ = {isa = PBXFileReference; fileEncoding = 4; lastKnownFileType = text; path = FeatureExtraction.ini; sourceTree = "<group>"; };
		C65378D718B78B07005F490B /* h.dat */ = {isa = PBXFileReference; lastKnownFileType = file; path = h.dat; sourceTree = "<group>"; };
		C65378D818B78B07005F490B /* HandAlgorithms.ini */ = {isa = PBXFileReference; fileEncoding = 4; lastKnownFileType = text; path = HandAlgorithms.ini; sourceTree = "<group>"; };
		C65378D918B78B07005F490B /* s.dat */ = {isa = PBXFileReference; lastKnownFileType = file; path = s.dat; sourceTree = "<group>"; };
		C65378DE18B78B07005F490B /* OniPlatformAndroid-Arm.h */ = {isa = PBXFileReference; fileEncoding = 4; lastKnownFileType = sourcecode.c.h; path = "OniPlatformAndroid-Arm.h"; sourceTree = "<group>"; };
		C65378E018B78B07005F490B /* OniDriverAPI.h */ = {isa = PBXFileReference; fileEncoding = 4; lastKnownFileType = sourcecode.c.h; path = OniDriverAPI.h; sourceTree = "<group>"; };
		C65378E118B78B07005F490B /* OniDriverTypes.h */ = {isa = PBXFileReference; fileEncoding = 4; lastKnownFileType = sourcecode.c.h; path = OniDriverTypes.h; sourceTree = "<group>"; };
		C65378E318B78B07005F490B /* OniPlatformLinux-Arm.h */ = {isa = PBXFileReference; fileEncoding = 4; lastKnownFileType = sourcecode.c.h; path = "OniPlatformLinux-Arm.h"; sourceTree = "<group>"; };
		C65378E518B78B07005F490B /* OniPlatformLinux-x86.h */ = {isa = PBXFileReference; fileEncoding = 4; lastKnownFileType = sourcecode.c.h; path = "OniPlatformLinux-x86.h"; sourceTree = "<group>"; };
		C65378E718B78B07005F490B /* OniPlatformMacOSX.h */ = {isa = PBXFileReference; fileEncoding = 4; lastKnownFileType = sourcecode.c.h; path = OniPlatformMacOSX.h; sourceTree = "<group>"; };
		C65378E818B78B07005F490B /* OniCAPI.h */ = {isa = PBXFileReference; fileEncoding = 4; lastKnownFileType = sourcecode.c.h; path = OniCAPI.h; sourceTree = "<group>"; };
		C65378E918B78B07005F490B /* OniCEnums.h */ = {isa = PBXFileReference; fileEncoding = 4; lastKnownFileType = sourcecode.c.h; path = OniCEnums.h; sourceTree = "<group>"; };
		C65378EA18B78B07005F490B /* OniCProperties.h */ = {isa = PBXFileReference; fileEncoding = 4; lastKnownFileType = sourcecode.c.h; path = OniCProperties.h; sourceTree = "<group>"; };
		C65378EB18B78B07005F490B /* OniCTypes.h */ = {isa = PBXFileReference; fileEncoding = 4; lastKnownFileType = sourcecode.c.h; path = OniCTypes.h; sourceTree = "<group>"; };
		C65378EC18B78B07005F490B /* OniEnums.h */ = {isa = PBXFileReference; fileEncoding = 4; lastKnownFileType = sourcecode.c.h; path = OniEnums.h; sourceTree = "<group>"; };
		C65378ED18B78B07005F490B /* OniPlatform.h */ = {isa = PBXFileReference; fileEncoding = 4; lastKnownFileType = sourcecode.c.h; path = OniPlatform.h; sourceTree = "<group>"; };
		C65378EE18B78B07005F490B /* OniProperties.h */ = {isa = PBXFileReference; fileEncoding = 4; lastKnownFileType = sourcecode.c.h; path = OniProperties.h; sourceTree = "<group>"; };
		C65378EF18B78B07005F490B /* OniVersion.h */ = {isa = PBXFileReference; fileEncoding = 4; lastKnownFileType = sourcecode.c.h; path = OniVersion.h; sourceTree = "<group>"; };
		C65378F018B78B07005F490B /* OpenNI.h */ = {isa = PBXFileReference; fileEncoding = 4; lastKnownFileType = sourcecode.c.h; path = OpenNI.h; sourceTree = "<group>"; };
		C65378F118B78B07005F490B /* PrimeSense.h */ = {isa = PBXFileReference; fileEncoding = 4; lastKnownFileType = sourcecode.c.h; path = PrimeSense.h; sourceTree = "<group>"; };
		C65378F218B78B07005F490B /* PS1080.h */ = {isa = PBXFileReference; fileEncoding = 4; lastKnownFileType = sourcecode.c.h; path = PS1080.h; sourceTree = "<group>"; };
		C65378F318B78B07005F490B /* PSLink.h */ = {isa = PBXFileReference; fileEncoding = 4; lastKnownFileType = sourcecode.c.h; path = PSLink.h; sourceTree = "<group>"; };
		C65378F518B78B07005F490B /* OniPlatformWin32.h */ = {isa = PBXFileReference; fileEncoding = 4; lastKnownFileType = sourcecode.c.h; path = OniPlatformWin32.h; sourceTree = "<group>"; };
		C65378F918B78B07005F490B /* libFreenectDriver.dylib */ = {isa = PBXFileReference; lastKnownFileType = "compiled.mach-o.dylib"; path = libFreenectDriver.dylib; sourceTree = "<group>"; };
		C65378FA18B78B07005F490B /* libOniFile.dylib */ = {isa = PBXFileReference; lastKnownFileType = "compiled.mach-o.dylib"; path = libOniFile.dylib; sourceTree = "<group>"; };
		C65378FB18B78B07005F490B /* libPS1080.dylib */ = {isa = PBXFileReference; lastKnownFileType = "compiled.mach-o.dylib"; path = libPS1080.dylib; sourceTree = "<group>"; };
		C65378FC18B78B07005F490B /* libPSLink.dylib */ = {isa = PBXFileReference; lastKnownFileType = "compiled.mach-o.dylib"; path = libPSLink.dylib; sourceTree = "<group>"; };
		C65378FD18B78B07005F490B /* libOpenNI2.dylib */ = {isa = PBXFileReference; lastKnownFileType = "compiled.mach-o.dylib"; path = libOpenNI2.dylib; sourceTree = "<group>"; };
		C65378FE18B78B07005F490B /* libusb-1.0.0.dylib */ = {isa = PBXFileReference; lastKnownFileType = "compiled.mach-o.dylib"; path = "libusb-1.0.0.dylib"; sourceTree = "<group>"; };
		C65378FF18B78B07005F490B /* OpenNI.ini */ = {isa = PBXFileReference; fileEncoding = 4; lastKnownFileType = text; path = OpenNI.ini; sourceTree = "<group>"; };
		C653790018B78B07005F490B /* PS1080.ini */ = {isa = PBXFileReference; fileEncoding = 4; lastKnownFileType = text; path = PS1080.ini; sourceTree = "<group>"; };
		C653790118B78B07005F490B /* PSLink.ini */ = {isa = PBXFileReference; fileEncoding = 4; lastKnownFileType = text; path = PSLink.ini; sourceTree = "<group>"; };
		C653790218B78B07005F490B /* README.md */ = {isa = PBXFileReference; fileEncoding = 4; lastKnownFileType = text; path = README.md; sourceTree = "<group>"; };
		C653790418B78B07005F490B /* ofxNI2.cpp */ = {isa = PBXFileReference; fileEncoding = 4; lastKnownFileType = sourcecode.cpp.cpp; path = ofxNI2.cpp; sourceTree = "<group>"; };
		C653790518B78B07005F490B /* ofxNI2.h */ = {isa = PBXFileReference; fileEncoding = 4; lastKnownFileType = sourcecode.c.h; path = ofxNI2.h; sourceTree = "<group>"; };
		C653790618B78B07005F490B /* ofxNiTE2.cpp */ = {isa = PBXFileReference; fileEncoding = 4; lastKnownFileType = sourcecode.cpp.cpp; path = ofxNiTE2.cpp; sourceTree = "<group>"; };
		C653790718B78B07005F490B /* ofxNiTE2.h */ = {isa = PBXFileReference; fileEncoding = 4; lastKnownFileType = sourcecode.c.h; path = ofxNiTE2.h; sourceTree = "<group>"; };
		C653790918B78B07005F490B /* AssimpModel.h */ = {isa = PBXFileReference; fileEncoding = 4; lastKnownFileType = sourcecode.c.h; path = AssimpModel.h; sourceTree = "<group>"; };
		C653790A18B78B07005F490B /* DepthRemapToRange.h */ = {isa = PBXFileReference; fileEncoding = 4; lastKnownFileType = sourcecode.c.h; path = DepthRemapToRange.h; sourceTree = "<group>"; };
		C653790B18B78B07005F490B /* DepthReprojection.h */ = {isa = PBXFileReference; fileEncoding = 4; lastKnownFileType = sourcecode.c.h; path = DepthReprojection.h; sourceTree = "<group>"; };
		C653790C18B78B07005F490B /* DoubleBuffer.h */ = {isa = PBXFileReference; fileEncoding = 4; lastKnownFileType = sourcecode.c.h; path = DoubleBuffer.h; sourceTree = "<group>"; };
		C653790D18B78B07005F490B /* MeshGenerator.h */ = {isa = PBXFileReference; fileEncoding = 4; lastKnownFileType = sourcecode.c.h; path = MeshGenerator.h; sourceTree = "<group>"; };
		C653790E18B78B07005F490B /* TimedomainMedianFilter.h */ = {isa = PBXFileReference; fileEncoding = 4; lastKnownFileType = sourcecode.c.h; path = TimedomainMedianFilter.h; sourceTree = "<group>"; };
		C6537D7518B7A76C005F490B /* jsoncpp.cpp */ = {isa = PBXFileReference; lastKnownFileType = sourcecode.cpp.cpp; path = jsoncpp.cpp; sourceTree = "<group>"; };
		C6537D9C18B7A76C005F490B /* Client.cpp */ = {isa = PBXFileReference; lastKnownFileType = sourcecode.cpp.cpp; path = Client.cpp; sourceTree = "<group>"; };
		C6537D9D18B7A76C005F490B /* Connection.cpp */ = {isa = PBXFileReference; lastKnownFileType = sourcecode.cpp.cpp; path = Connection.cpp; sourceTree = "<group>"; };
		C6537D9E18B7A76C005F490B /* Events.cpp */ = {isa = PBXFileReference; lastKnownFileType = sourcecode.cpp.cpp; path = Events.cpp; sourceTree = "<group>"; };
		C6537D9F18B7A76C005F490B /* Protocol.cpp */ = {isa = PBXFileReference; lastKnownFileType = sourcecode.cpp.cpp; path = Protocol.cpp; sourceTree = "<group>"; };
		C6537DA018B7A76C005F490B /* Reactor.cpp */ = {isa = PBXFileReference; lastKnownFileType = sourcecode.cpp.cpp; path = Reactor.cpp; sourceTree = "<group>"; };
		C6537DA118B7A76C005F490B /* Server.cpp */ = {isa = PBXFileReference; lastKnownFileType = sourcecode.cpp.cpp; path = Server.cpp; sourceTree = "<group>"; };
		C6537DEC18B7A76C005F490B /* ofxLibwebsockets.xcconfig */ = {isa = PBXFileReference; lastKnownFileType = text.xcconfig; path = ofxLibwebsockets.xcconfig; sourceTree = "<group>"; };
		C6537E0A18B7A939005F490B /* openFrameworksDebug.a */ = {isa = PBXFileReference; lastKnownFileType = archive.ar; name = openFrameworksDebug.a; path = ../../../libs/openFrameworksCompiled/lib/osx/openFrameworksDebug.a; sourceTree = "<group>"; };
		C6F243F018BA169A00BDF1E1 /* README.md */ = {isa = PBXFileReference; lastKnownFileType = text; path = README.md; sourceTree = "<group>"; };
		C6F243F318BA184C00BDF1E1 /* ofxLibwebsockets.h */ = {isa = PBXFileReference; lastKnownFileType = sourcecode.c.h; path = ofxLibwebsockets.h; sourceTree = "<group>"; };
		C6F243F518BA186500BDF1E1 /* json-forwards.h */ = {isa = PBXFileReference; lastKnownFileType = sourcecode.c.h; path = "json-forwards.h"; sourceTree = "<group>"; };
		C6F243F618BA186500BDF1E1 /* json.h */ = {isa = PBXFileReference; lastKnownFileType = sourcecode.c.h; path = json.h; sourceTree = "<group>"; };
		E45BE9710E8CC7DD009D7055 /* AGL.framework */ = {isa = PBXFileReference; lastKnownFileType = wrapper.framework; name = AGL.framework; path = /System/Library/Frameworks/AGL.framework; sourceTree = "<absolute>"; };
		E45BE9720E8CC7DD009D7055 /* ApplicationServices.framework */ = {isa = PBXFileReference; lastKnownFileType = wrapper.framework; name = ApplicationServices.framework; path = /System/Library/Frameworks/ApplicationServices.framework; sourceTree = "<absolute>"; };
		E45BE9730E8CC7DD009D7055 /* AudioToolbox.framework */ = {isa = PBXFileReference; lastKnownFileType = wrapper.framework; name = AudioToolbox.framework; path = /System/Library/Frameworks/AudioToolbox.framework; sourceTree = "<absolute>"; };
		E45BE9740E8CC7DD009D7055 /* Carbon.framework */ = {isa = PBXFileReference; lastKnownFileType = wrapper.framework; name = Carbon.framework; path = /System/Library/Frameworks/Carbon.framework; sourceTree = "<absolute>"; };
		E45BE9750E8CC7DD009D7055 /* CoreAudio.framework */ = {isa = PBXFileReference; lastKnownFileType = wrapper.framework; name = CoreAudio.framework; path = /System/Library/Frameworks/CoreAudio.framework; sourceTree = "<absolute>"; };
		E45BE9760E8CC7DD009D7055 /* CoreFoundation.framework */ = {isa = PBXFileReference; lastKnownFileType = wrapper.framework; name = CoreFoundation.framework; path = /System/Library/Frameworks/CoreFoundation.framework; sourceTree = "<absolute>"; };
		E45BE9770E8CC7DD009D7055 /* CoreServices.framework */ = {isa = PBXFileReference; lastKnownFileType = wrapper.framework; name = CoreServices.framework; path = /System/Library/Frameworks/CoreServices.framework; sourceTree = "<absolute>"; };
		E45BE9790E8CC7DD009D7055 /* OpenGL.framework */ = {isa = PBXFileReference; lastKnownFileType = wrapper.framework; name = OpenGL.framework; path = /System/Library/Frameworks/OpenGL.framework; sourceTree = "<absolute>"; };
		E45BE97A0E8CC7DD009D7055 /* QuickTime.framework */ = {isa = PBXFileReference; lastKnownFileType = wrapper.framework; name = QuickTime.framework; path = /System/Library/Frameworks/QuickTime.framework; sourceTree = "<absolute>"; };
		E4B69B5B0A3A1756003C02F2 /* NiTE2-userTrackingDebug.app */ = {isa = PBXFileReference; explicitFileType = wrapper.application; includeInIndex = 0; path = "NiTE2-userTrackingDebug.app"; sourceTree = BUILT_PRODUCTS_DIR; };
		E4B69E1D0A3A1BDC003C02F2 /* main.cpp */ = {isa = PBXFileReference; fileEncoding = 30; lastKnownFileType = sourcecode.cpp.cpp; name = main.cpp; path = src/main.cpp; sourceTree = SOURCE_ROOT; };
		E4B69E1E0A3A1BDC003C02F2 /* ofApp.cpp */ = {isa = PBXFileReference; explicitFileType = sourcecode.cpp.cpp; fileEncoding = 30; name = ofApp.cpp; path = src/ofApp.cpp; sourceTree = SOURCE_ROOT; };
		E4B69E1F0A3A1BDC003C02F2 /* ofApp.h */ = {isa = PBXFileReference; fileEncoding = 30; lastKnownFileType = sourcecode.c.h; name = ofApp.h; path = src/ofApp.h; sourceTree = SOURCE_ROOT; };
		E4B6FCAD0C3E899E008CF71C /* openFrameworks-Info.plist */ = {isa = PBXFileReference; fileEncoding = 30; lastKnownFileType = text.plist.xml; path = "openFrameworks-Info.plist"; sourceTree = "<group>"; };
		E4C2424410CC5A17004149E2 /* AppKit.framework */ = {isa = PBXFileReference; lastKnownFileType = wrapper.framework; name = AppKit.framework; path = /System/Library/Frameworks/AppKit.framework; sourceTree = "<absolute>"; };
		E4C2424510CC5A17004149E2 /* Cocoa.framework */ = {isa = PBXFileReference; lastKnownFileType = wrapper.framework; name = Cocoa.framework; path = /System/Library/Frameworks/Cocoa.framework; sourceTree = "<absolute>"; };
		E4C2424610CC5A17004149E2 /* IOKit.framework */ = {isa = PBXFileReference; lastKnownFileType = wrapper.framework; name = IOKit.framework; path = /System/Library/Frameworks/IOKit.framework; sourceTree = "<absolute>"; };
		E4EB691F138AFCF100A09F29 /* CoreOF.xcconfig */ = {isa = PBXFileReference; fileEncoding = 4; lastKnownFileType = text.xcconfig; name = CoreOF.xcconfig; path = ../../../libs/openFrameworksCompiled/project/osx/CoreOF.xcconfig; sourceTree = SOURCE_ROOT; };
		E4EB6923138AFD0F00A09F29 /* Project.xcconfig */ = {isa = PBXFileReference; fileEncoding = 4; lastKnownFileType = text.xcconfig; path = Project.xcconfig; sourceTree = "<group>"; };
		E7E077E415D3B63C0020DFD4 /* CoreVideo.framework */ = {isa = PBXFileReference; lastKnownFileType = wrapper.framework; name = CoreVideo.framework; path = /System/Library/Frameworks/CoreVideo.framework; sourceTree = "<absolute>"; };
		E7E077E715D3B6510020DFD4 /* QTKit.framework */ = {isa = PBXFileReference; lastKnownFileType = wrapper.framework; name = QTKit.framework; path = /System/Library/Frameworks/QTKit.framework; sourceTree = "<absolute>"; };
		E7F985F515E0DE99003869B5 /* Accelerate.framework */ = {isa = PBXFileReference; lastKnownFileType = wrapper.framework; name = Accelerate.framework; path = /System/Library/Frameworks/Accelerate.framework; sourceTree = "<absolute>"; };
/* End PBXFileReference section */

/* Begin PBXFrameworksBuildPhase section */
		E4B69B590A3A1756003C02F2 /* Frameworks */ = {
			isa = PBXFrameworksBuildPhase;
			buildActionMask = 2147483647;
			files = (
				E7F985F815E0DEA3003869B5 /* Accelerate.framework in Frameworks */,
				E7E077E815D3B6510020DFD4 /* QTKit.framework in Frameworks */,
				E4EB6799138ADC1D00A09F29 /* GLUT.framework in Frameworks */,
				C653791918B78B07005F490B /* libFreenectDriver.dylib in Frameworks */,
				C653791D18B78B07005F490B /* libOpenNI2.dylib in Frameworks */,
				C653791B18B78B07005F490B /* libPS1080.dylib in Frameworks */,
				E45BE97B0E8CC7DD009D7055 /* AGL.framework in Frameworks */,
				E45BE97C0E8CC7DD009D7055 /* ApplicationServices.framework in Frameworks */,
				E45BE97D0E8CC7DD009D7055 /* AudioToolbox.framework in Frameworks */,
				C653791C18B78B07005F490B /* libPSLink.dylib in Frameworks */,
				E45BE97E0E8CC7DD009D7055 /* Carbon.framework in Frameworks */,
				E45BE97F0E8CC7DD009D7055 /* CoreAudio.framework in Frameworks */,
				E45BE9800E8CC7DD009D7055 /* CoreFoundation.framework in Frameworks */,
				E45BE9810E8CC7DD009D7055 /* CoreServices.framework in Frameworks */,
				C653791E18B78B07005F490B /* libusb-1.0.0.dylib in Frameworks */,
				C653791818B78B07005F490B /* libNiTE2.dylib in Frameworks */,
				E45BE9830E8CC7DD009D7055 /* OpenGL.framework in Frameworks */,
				E45BE9840E8CC7DD009D7055 /* QuickTime.framework in Frameworks */,
				C653791A18B78B07005F490B /* libOniFile.dylib in Frameworks */,
				E4C2424710CC5A17004149E2 /* AppKit.framework in Frameworks */,
				C6537E0B18B7A939005F490B /* openFrameworksDebug.a in Frameworks */,
				E4C2424810CC5A17004149E2 /* Cocoa.framework in Frameworks */,
				E4C2424910CC5A17004149E2 /* IOKit.framework in Frameworks */,
				E7E077E515D3B63C0020DFD4 /* CoreVideo.framework in Frameworks */,
			);
			runOnlyForDeploymentPostprocessing = 0;
		};
/* End PBXFrameworksBuildPhase section */

/* Begin PBXGroup section */
		BB4B014C10F69532006C3DED /* addons */ = {
			isa = PBXGroup;
			children = (
				C6537CA818B7A76B005F490B /* ofxLibwebsockets */,
				C653787A18B78B06005F490B /* ofxNI2 */,
			);
			name = addons;
			sourceTree = "<group>";
		};
		BBAB23C913894ECA00AA2426 /* system frameworks */ = {
			isa = PBXGroup;
			children = (
				E7F985F515E0DE99003869B5 /* Accelerate.framework */,
				E4C2424410CC5A17004149E2 /* AppKit.framework */,
				E4C2424510CC5A17004149E2 /* Cocoa.framework */,
				E4C2424610CC5A17004149E2 /* IOKit.framework */,
				E45BE9710E8CC7DD009D7055 /* AGL.framework */,
				E45BE9720E8CC7DD009D7055 /* ApplicationServices.framework */,
				E45BE9730E8CC7DD009D7055 /* AudioToolbox.framework */,
				E45BE9740E8CC7DD009D7055 /* Carbon.framework */,
				E45BE9750E8CC7DD009D7055 /* CoreAudio.framework */,
				E45BE9760E8CC7DD009D7055 /* CoreFoundation.framework */,
				E45BE9770E8CC7DD009D7055 /* CoreServices.framework */,
				E45BE9790E8CC7DD009D7055 /* OpenGL.framework */,
				E45BE97A0E8CC7DD009D7055 /* QuickTime.framework */,
				E7E077E415D3B63C0020DFD4 /* CoreVideo.framework */,
				E7E077E715D3B6510020DFD4 /* QTKit.framework */,
			);
			name = "system frameworks";
			sourceTree = "<group>";
		};
		BBAB23CA13894EDB00AA2426 /* 3rd party frameworks */ = {
			isa = PBXGroup;
			children = (
				BBAB23BE13894E4700AA2426 /* GLUT.framework */,
			);
			name = "3rd party frameworks";
			sourceTree = "<group>";
		};
		C653787A18B78B06005F490B /* ofxNI2 */ = {
			isa = PBXGroup;
			children = (
				C653787B18B78B06005F490B /* .gitignore */,
				C65378C318B78B07005F490B /* libs */,
				C653790218B78B07005F490B /* README.md */,
				C653790318B78B07005F490B /* src */,
			);
			name = ofxNI2;
			path = ../../../addons/ofxNI2;
			sourceTree = "<group>";
		};
		C65378C318B78B07005F490B /* libs */ = {
			isa = PBXGroup;
			children = (
				C65378C418B78B07005F490B /* NiTE2 */,
				C65378DA18B78B07005F490B /* OpenNI2 */,
			);
			path = libs;
			sourceTree = "<group>";
		};
		C65378C418B78B07005F490B /* NiTE2 */ = {
			isa = PBXGroup;
			children = (
				C65378C518B78B07005F490B /* include */,
				C65378CC18B78B07005F490B /* lib */,
			);
			path = NiTE2;
			sourceTree = "<group>";
		};
		C65378C518B78B07005F490B /* include */ = {
			isa = PBXGroup;
			children = (
				C65378C618B78B07005F490B /* NiTE.h */,
				C65378C718B78B07005F490B /* NiteCAPI.h */,
				C65378C818B78B07005F490B /* NiteCEnums.h */,
				C65378C918B78B07005F490B /* NiteCTypes.h */,
				C65378CA18B78B07005F490B /* NiteEnums.h */,
				C65378CB18B78B07005F490B /* NiteVersion.h */,
			);
			path = include;
			sourceTree = "<group>";
		};
		C65378CC18B78B07005F490B /* lib */ = {
			isa = PBXGroup;
			children = (
				C65378CD18B78B07005F490B /* osx */,
			);
			path = lib;
			sourceTree = "<group>";
		};
		C65378CD18B78B07005F490B /* osx */ = {
			isa = PBXGroup;
			children = (
				C65378CE18B78B07005F490B /* libNiTE2.dylib */,
				C65378CF18B78B07005F490B /* NiTE.ini */,
				C65378D018B78B07005F490B /* NiTE2 */,
			);
			path = osx;
			sourceTree = "<group>";
		};
		C65378D018B78B07005F490B /* NiTE2 */ = {
			isa = PBXGroup;
			children = (
				C65378D118B78B07005F490B /* Data */,
				C65378D618B78B07005F490B /* FeatureExtraction.ini */,
				C65378D718B78B07005F490B /* h.dat */,
				C65378D818B78B07005F490B /* HandAlgorithms.ini */,
				C65378D918B78B07005F490B /* s.dat */,
			);
			path = NiTE2;
			sourceTree = "<group>";
		};
		C65378D118B78B07005F490B /* Data */ = {
			isa = PBXGroup;
			children = (
				C65378D218B78B07005F490B /* lbsdata.idx */,
				C65378D318B78B07005F490B /* lbsdata.lbd */,
				C65378D418B78B07005F490B /* lbsparam1.lbd */,
				C65378D518B78B07005F490B /* lbsparam2.lbd */,
			);
			path = Data;
			sourceTree = "<group>";
		};
		C65378DA18B78B07005F490B /* OpenNI2 */ = {
			isa = PBXGroup;
			children = (
				C65378DB18B78B07005F490B /* include */,
				C65378F618B78B07005F490B /* lib */,
			);
			path = OpenNI2;
			sourceTree = "<group>";
		};
		C65378DB18B78B07005F490B /* include */ = {
			isa = PBXGroup;
			children = (
				C65378DC18B78B07005F490B /* ni2 */,
			);
			path = include;
			sourceTree = "<group>";
		};
		C65378DC18B78B07005F490B /* ni2 */ = {
			isa = PBXGroup;
			children = (
				C65378DD18B78B07005F490B /* Android-Arm */,
				C65378DF18B78B07005F490B /* Driver */,
				C65378E218B78B07005F490B /* Linux-Arm */,
				C65378E418B78B07005F490B /* Linux-x86 */,
				C65378E618B78B07005F490B /* MacOSX */,
				C65378E818B78B07005F490B /* OniCAPI.h */,
				C65378E918B78B07005F490B /* OniCEnums.h */,
				C65378EA18B78B07005F490B /* OniCProperties.h */,
				C65378EB18B78B07005F490B /* OniCTypes.h */,
				C65378EC18B78B07005F490B /* OniEnums.h */,
				C65378ED18B78B07005F490B /* OniPlatform.h */,
				C65378EE18B78B07005F490B /* OniProperties.h */,
				C65378EF18B78B07005F490B /* OniVersion.h */,
				C65378F018B78B07005F490B /* OpenNI.h */,
				C65378F118B78B07005F490B /* PrimeSense.h */,
				C65378F218B78B07005F490B /* PS1080.h */,
				C65378F318B78B07005F490B /* PSLink.h */,
				C65378F418B78B07005F490B /* Win32 */,
			);
			path = ni2;
			sourceTree = "<group>";
		};
		C65378DD18B78B07005F490B /* Android-Arm */ = {
			isa = PBXGroup;
			children = (
				C65378DE18B78B07005F490B /* OniPlatformAndroid-Arm.h */,
			);
			path = "Android-Arm";
			sourceTree = "<group>";
		};
		C65378DF18B78B07005F490B /* Driver */ = {
			isa = PBXGroup;
			children = (
				C65378E018B78B07005F490B /* OniDriverAPI.h */,
				C65378E118B78B07005F490B /* OniDriverTypes.h */,
			);
			path = Driver;
			sourceTree = "<group>";
		};
		C65378E218B78B07005F490B /* Linux-Arm */ = {
			isa = PBXGroup;
			children = (
				C65378E318B78B07005F490B /* OniPlatformLinux-Arm.h */,
			);
			path = "Linux-Arm";
			sourceTree = "<group>";
		};
		C65378E418B78B07005F490B /* Linux-x86 */ = {
			isa = PBXGroup;
			children = (
				C65378E518B78B07005F490B /* OniPlatformLinux-x86.h */,
			);
			path = "Linux-x86";
			sourceTree = "<group>";
		};
		C65378E618B78B07005F490B /* MacOSX */ = {
			isa = PBXGroup;
			children = (
				C65378E718B78B07005F490B /* OniPlatformMacOSX.h */,
			);
			path = MacOSX;
			sourceTree = "<group>";
		};
		C65378F418B78B07005F490B /* Win32 */ = {
			isa = PBXGroup;
			children = (
				C65378F518B78B07005F490B /* OniPlatformWin32.h */,
			);
			path = Win32;
			sourceTree = "<group>";
		};
		C65378F618B78B07005F490B /* lib */ = {
			isa = PBXGroup;
			children = (
				C65378F718B78B07005F490B /* osx */,
			);
			path = lib;
			sourceTree = "<group>";
		};
		C65378F718B78B07005F490B /* osx */ = {
			isa = PBXGroup;
			children = (
				C65378F818B78B07005F490B /* Drivers */,
				C65378FD18B78B07005F490B /* libOpenNI2.dylib */,
				C65378FE18B78B07005F490B /* libusb-1.0.0.dylib */,
				C65378FF18B78B07005F490B /* OpenNI.ini */,
				C653790018B78B07005F490B /* PS1080.ini */,
				C653790118B78B07005F490B /* PSLink.ini */,
			);
			path = osx;
			sourceTree = "<group>";
		};
		C65378F818B78B07005F490B /* Drivers */ = {
			isa = PBXGroup;
			children = (
				C65378F918B78B07005F490B /* libFreenectDriver.dylib */,
				C65378FA18B78B07005F490B /* libOniFile.dylib */,
				C65378FB18B78B07005F490B /* libPS1080.dylib */,
				C65378FC18B78B07005F490B /* libPSLink.dylib */,
			);
			path = Drivers;
			sourceTree = "<group>";
		};
		C653790318B78B07005F490B /* src */ = {
			isa = PBXGroup;
			children = (
				C653790418B78B07005F490B /* ofxNI2.cpp */,
				C653790518B78B07005F490B /* ofxNI2.h */,
				C653790618B78B07005F490B /* ofxNiTE2.cpp */,
				C653790718B78B07005F490B /* ofxNiTE2.h */,
				C653790818B78B07005F490B /* utils */,
			);
			path = src;
			sourceTree = "<group>";
		};
		C653790818B78B07005F490B /* utils */ = {
			isa = PBXGroup;
			children = (
				C653790918B78B07005F490B /* AssimpModel.h */,
				C653790A18B78B07005F490B /* DepthRemapToRange.h */,
				C653790B18B78B07005F490B /* DepthReprojection.h */,
				C653790C18B78B07005F490B /* DoubleBuffer.h */,
				C653790D18B78B07005F490B /* MeshGenerator.h */,
				C653790E18B78B07005F490B /* TimedomainMedianFilter.h */,
			);
			path = utils;
			sourceTree = "<group>";
		};
		C6537CA818B7A76B005F490B /* ofxLibwebsockets */ = {
			isa = PBXGroup;
			children = (
				C6F243F218BA184C00BDF1E1 /* src */,
				C6537D7018B7A76C005F490B /* libs */,
				C6537DEC18B7A76C005F490B /* ofxLibwebsockets.xcconfig */,
				C6F243F018BA169A00BDF1E1 /* README.md */,
			);
			name = ofxLibwebsockets;
			path = ../../../addons/ofxLibwebsockets;
			sourceTree = "<group>";
		};
		C6537D7018B7A76C005F490B /* libs */ = {
			isa = PBXGroup;
			children = (
				C6537D7118B7A76C005F490B /* jsoncpp */,
				C6537D9118B7A76C005F490B /* ofxLibwebsockets */,
			);
			path = libs;
			sourceTree = "<group>";
		};
		C6537D7118B7A76C005F490B /* jsoncpp */ = {
			isa = PBXGroup;
			children = (
				C6F243F418BA186500BDF1E1 /* json */,
				C6537D7518B7A76C005F490B /* jsoncpp.cpp */,
			);
			path = jsoncpp;
			sourceTree = "<group>";
		};
		C6537D9118B7A76C005F490B /* ofxLibwebsockets */ = {
			isa = PBXGroup;
			children = (
				C6537D9B18B7A76C005F490B /* src */,
			);
			path = ofxLibwebsockets;
			sourceTree = "<group>";
		};
		C6537D9B18B7A76C005F490B /* src */ = {
			isa = PBXGroup;
			children = (
				C6537D9C18B7A76C005F490B /* Client.cpp */,
				C6537D9D18B7A76C005F490B /* Connection.cpp */,
				C6537D9E18B7A76C005F490B /* Events.cpp */,
				C6537D9F18B7A76C005F490B /* Protocol.cpp */,
				C6537DA018B7A76C005F490B /* Reactor.cpp */,
				C6537DA118B7A76C005F490B /* Server.cpp */,
			);
			path = src;
			sourceTree = "<group>";
		};
		C6F243F218BA184C00BDF1E1 /* src */ = {
			isa = PBXGroup;
			children = (
				C6F243F318BA184C00BDF1E1 /* ofxLibwebsockets.h */,
			);
			path = src;
			sourceTree = "<group>";
		};
		C6F243F418BA186500BDF1E1 /* json */ = {
			isa = PBXGroup;
			children = (
				C6F243F518BA186500BDF1E1 /* json-forwards.h */,
				C6F243F618BA186500BDF1E1 /* json.h */,
			);
			path = json;
			sourceTree = "<group>";
		};
		E45BE5980E8CC70C009D7055 /* frameworks */ = {
			isa = PBXGroup;
			children = (
				BBAB23CA13894EDB00AA2426 /* 3rd party frameworks */,
				BBAB23C913894ECA00AA2426 /* system frameworks */,
			);
			name = frameworks;
			sourceTree = "<group>";
		};
		E4B69B4A0A3A1720003C02F2 = {
			isa = PBXGroup;
			children = (
				E4B6FCAD0C3E899E008CF71C /* openFrameworks-Info.plist */,
				E4EB6923138AFD0F00A09F29 /* Project.xcconfig */,
				E4B69E1C0A3A1BDC003C02F2 /* src */,
				E4EEC9E9138DF44700A80321 /* openFrameworks */,
				BB4B014C10F69532006C3DED /* addons */,
				E45BE5980E8CC70C009D7055 /* frameworks */,
				E4B69B5B0A3A1756003C02F2 /* NiTE2-userTrackingDebug.app */,
			);
			sourceTree = "<group>";
		};
		E4B69E1C0A3A1BDC003C02F2 /* src */ = {
			isa = PBXGroup;
			children = (
				E4B69E1D0A3A1BDC003C02F2 /* main.cpp */,
				E4B69E1E0A3A1BDC003C02F2 /* ofApp.cpp */,
				E4B69E1F0A3A1BDC003C02F2 /* ofApp.h */,
			);
			path = src;
			sourceTree = SOURCE_ROOT;
		};
		E4EEC9E9138DF44700A80321 /* openFrameworks */ = {
			isa = PBXGroup;
			children = (
				C6537E0A18B7A939005F490B /* openFrameworksDebug.a */,
				E4EB691F138AFCF100A09F29 /* CoreOF.xcconfig */,
			);
			name = openFrameworks;
			sourceTree = "<group>";
		};
/* End PBXGroup section */

/* Begin PBXNativeTarget section */
		E4B69B5A0A3A1756003C02F2 /* NiTE2-userTracking */ = {
			isa = PBXNativeTarget;
			buildConfigurationList = E4B69B5F0A3A1757003C02F2 /* Build configuration list for PBXNativeTarget "NiTE2-userTracking" */;
			buildPhases = (
				E4B69B580A3A1756003C02F2 /* Sources */,
				E4B69B590A3A1756003C02F2 /* Frameworks */,
				E4B6FFFD0C3F9AB9008CF71C /* ShellScript */,
				E4C2427710CC5ABF004149E2 /* CopyFiles */,
			);
			buildRules = (
			);
			dependencies = (
			);
			name = "NiTE2-userTracking";
			productName = myOFApp;
			productReference = E4B69B5B0A3A1756003C02F2 /* NiTE2-userTrackingDebug.app */;
			productType = "com.apple.product-type.application";
		};
/* End PBXNativeTarget section */

/* Begin PBXProject section */
		E4B69B4C0A3A1720003C02F2 /* Project object */ = {
			isa = PBXProject;
			attributes = {
			};
			buildConfigurationList = E4B69B4D0A3A1720003C02F2 /* Build configuration list for PBXProject "NiTE2-userTracking" */;
			compatibilityVersion = "Xcode 2.4";
			developmentRegion = English;
			hasScannedForEncodings = 0;
			knownRegions = (
				English,
				Japanese,
				French,
				German,
			);
			mainGroup = E4B69B4A0A3A1720003C02F2;
			productRefGroup = E4B69B4A0A3A1720003C02F2;
			projectDirPath = "";
			projectRoot = "";
			targets = (
				E4B69B5A0A3A1756003C02F2 /* NiTE2-userTracking */,
			);
		};
/* End PBXProject section */

/* Begin PBXShellScriptBuildPhase section */
		E4B6FFFD0C3F9AB9008CF71C /* ShellScript */ = {
			isa = PBXShellScriptBuildPhase;
			buildActionMask = 2147483647;
			files = (
			);
			inputPaths = (
			);
			outputPaths = (
			);
			runOnlyForDeploymentPostprocessing = 0;
			shellPath = /bin/sh;
			shellScript = "cp -f ../../../libs/fmodex/lib/osx/libfmodex.dylib \"$TARGET_BUILD_DIR/$PRODUCT_NAME.app/Contents/MacOS/libfmodex.dylib\"; install_name_tool -change ./libfmodex.dylib @executable_path/libfmodex.dylib \"$TARGET_BUILD_DIR/$PRODUCT_NAME.app/Contents/MacOS/$PRODUCT_NAME\";\ncp -R ../../../addons/ofxNI2/libs/OpenNI2/lib/osx/ \"$TARGET_BUILD_DIR/$PRODUCT_NAME.app/Contents/MacOS/\";\ncp -R ../../../addons/ofxNI2/libs/NiTE2/lib/osx/ \"$TARGET_BUILD_DIR/$PRODUCT_NAME.app/Contents/MacOS/\";\n";
		};
/* End PBXShellScriptBuildPhase section */

/* Begin PBXSourcesBuildPhase section */
		E4B69B580A3A1756003C02F2 /* Sources */ = {
			isa = PBXSourcesBuildPhase;
			buildActionMask = 2147483647;
			files = (
				E4B69E200A3A1BDC003C02F2 /* main.cpp in Sources */,
				E4B69E210A3A1BDC003C02F2 /* ofApp.cpp in Sources */,
				C6537E0718B7A7EA005F490B /* Server.cpp in Sources */,
				C6537E0418B7A7EA005F490B /* Events.cpp in Sources */,
				C6537E0218B7A7EA005F490B /* Client.cpp in Sources */,
				C6537E0318B7A7EA005F490B /* Connection.cpp in Sources */,
				C653791F18B78B07005F490B /* ofxNI2.cpp in Sources */,
				C6537E0818B7A812005F490B /* jsoncpp.cpp in Sources */,
				C6537E0618B7A7EA005F490B /* Reactor.cpp in Sources */,
				C653792018B78B07005F490B /* ofxNiTE2.cpp in Sources */,
				C6537E0518B7A7EA005F490B /* Protocol.cpp in Sources */,
			);
			runOnlyForDeploymentPostprocessing = 0;
		};
/* End PBXSourcesBuildPhase section */

/* Begin XCBuildConfiguration section */
		E4B69B4E0A3A1720003C02F2 /* Debug */ = {
			isa = XCBuildConfiguration;
			baseConfigurationReference = E4EB6923138AFD0F00A09F29 /* Project.xcconfig */;
			buildSettings = {
				ARCHS = "$(NATIVE_ARCH)";
				CONFIGURATION_BUILD_DIR = "$(SRCROOT)/bin/";
				COPY_PHASE_STRIP = NO;
				DEAD_CODE_STRIPPING = YES;
				GCC_AUTO_VECTORIZATION = YES;
				GCC_ENABLE_SSE3_EXTENSIONS = YES;
				GCC_ENABLE_SUPPLEMENTAL_SSE3_INSTRUCTIONS = YES;
				GCC_INLINES_ARE_PRIVATE_EXTERN = NO;
				GCC_OPTIMIZATION_LEVEL = 0;
				GCC_SYMBOLS_PRIVATE_EXTERN = NO;
				GCC_WARN_ABOUT_DEPRECATED_FUNCTIONS = YES;
				GCC_WARN_ABOUT_INVALID_OFFSETOF_MACRO = NO;
				GCC_WARN_ALLOW_INCOMPLETE_PROTOCOL = NO;
				GCC_WARN_UNINITIALIZED_AUTOS = NO;
				GCC_WARN_UNUSED_VALUE = NO;
				GCC_WARN_UNUSED_VARIABLE = NO;
				OTHER_CPLUSPLUSFLAGS = (
					"-D__MACOSX_CORE__",
					"-lpthread",
					"-mtune=native",
				);
				SDKROOT = macosx;
			};
			name = Debug;
		};
		E4B69B4F0A3A1720003C02F2 /* Release */ = {
			isa = XCBuildConfiguration;
			baseConfigurationReference = E4EB6923138AFD0F00A09F29 /* Project.xcconfig */;
			buildSettings = {
				ARCHS = "$(NATIVE_ARCH)";
				CONFIGURATION_BUILD_DIR = "$(SRCROOT)/bin/";
				COPY_PHASE_STRIP = YES;
				DEAD_CODE_STRIPPING = YES;
				GCC_AUTO_VECTORIZATION = YES;
				GCC_ENABLE_SSE3_EXTENSIONS = YES;
				GCC_ENABLE_SUPPLEMENTAL_SSE3_INSTRUCTIONS = YES;
				GCC_INLINES_ARE_PRIVATE_EXTERN = NO;
				GCC_OPTIMIZATION_LEVEL = 3;
				GCC_SYMBOLS_PRIVATE_EXTERN = NO;
				GCC_UNROLL_LOOPS = YES;
				GCC_WARN_ABOUT_DEPRECATED_FUNCTIONS = YES;
				GCC_WARN_ABOUT_INVALID_OFFSETOF_MACRO = NO;
				GCC_WARN_ALLOW_INCOMPLETE_PROTOCOL = NO;
				GCC_WARN_UNINITIALIZED_AUTOS = NO;
				GCC_WARN_UNUSED_VALUE = NO;
				GCC_WARN_UNUSED_VARIABLE = NO;
				OTHER_CPLUSPLUSFLAGS = (
					"-D__MACOSX_CORE__",
					"-lpthread",
					"-mtune=native",
				);
				SDKROOT = macosx;
			};
			name = Release;
		};
		E4B69B600A3A1757003C02F2 /* Debug */ = {
			isa = XCBuildConfiguration;
			buildSettings = {
				COPY_PHASE_STRIP = NO;
				FRAMEWORK_SEARCH_PATHS = (
					"$(inherited)",
					"$(FRAMEWORK_SEARCH_PATHS_QUOTED_FOR_TARGET_1)",
				);
				FRAMEWORK_SEARCH_PATHS_QUOTED_FOR_TARGET_1 = "\"$(SRCROOT)/../../../libs/glut/lib/osx\"";
				GCC_DYNAMIC_NO_PIC = NO;
				GCC_ENABLE_FIX_AND_CONTINUE = YES;
				GCC_GENERATE_DEBUGGING_SYMBOLS = YES;
				GCC_MODEL_TUNING = NONE;
				GCC_PRECOMPILE_PREFIX_HEADER = YES;
				GCC_PREFIX_HEADER = "$(SYSTEM_LIBRARY_DIR)/Frameworks/Carbon.framework/Headers/Carbon.h";
				INFOPLIST_FILE = "openFrameworks-Info.plist";
				INSTALL_PATH = "$(HOME)/Applications";
				LIBRARY_SEARCH_PATHS = (
					"$(inherited)",
					"$(LIBRARY_SEARCH_PATHS_QUOTED_FOR_TARGET_1)",
					"$(LIBRARY_SEARCH_PATHS_QUOTED_FOR_TARGET_2)",
					"$(LIBRARY_SEARCH_PATHS_QUOTED_FOR_TARGET_3)",
					"$(LIBRARY_SEARCH_PATHS_QUOTED_FOR_TARGET_4)",
					"$(LIBRARY_SEARCH_PATHS_QUOTED_FOR_TARGET_5)",
					"$(LIBRARY_SEARCH_PATHS_QUOTED_FOR_TARGET_6)",
					"$(LIBRARY_SEARCH_PATHS_QUOTED_FOR_TARGET_7)",
					"$(LIBRARY_SEARCH_PATHS_QUOTED_FOR_TARGET_8)",
					"$(LIBRARY_SEARCH_PATHS_QUOTED_FOR_TARGET_9)",
					"$(LIBRARY_SEARCH_PATHS_QUOTED_FOR_TARGET_10)",
					"$(LIBRARY_SEARCH_PATHS_QUOTED_FOR_TARGET_11)",
					"$(LIBRARY_SEARCH_PATHS_QUOTED_FOR_TARGET_12)",
					"$(LIBRARY_SEARCH_PATHS_QUOTED_FOR_TARGET_13)",
					"$(LIBRARY_SEARCH_PATHS_QUOTED_FOR_TARGET_14)",
					"$(LIBRARY_SEARCH_PATHS_QUOTED_FOR_TARGET_15)",
					"$(LIBRARY_SEARCH_PATHS_QUOTED_FOR_TARGET_2)",
					"$(LIBRARY_SEARCH_PATHS_QUOTED_FOR_TARGET_3)",
					"$(LIBRARY_SEARCH_PATHS_QUOTED_FOR_TARGET_7)",
					"$(LIBRARY_SEARCH_PATHS_QUOTED_FOR_TARGET_8)",
					"$(LIBRARY_SEARCH_PATHS_QUOTED_FOR_TARGET_9)",
					"$(LIBRARY_SEARCH_PATHS_QUOTED_FOR_TARGET_10)",
					"$(LIBRARY_SEARCH_PATHS_QUOTED_FOR_TARGET_11)",
					"$(LIBRARY_SEARCH_PATHS_QUOTED_FOR_TARGET_12)",
					"$(LIBRARY_SEARCH_PATHS_QUOTED_FOR_TARGET_13)",
					"$(LIBRARY_SEARCH_PATHS_QUOTED_FOR_TARGET_16)",
					"$(LIBRARY_SEARCH_PATHS_QUOTED_FOR_TARGET_17)",
					"$(LIBRARY_SEARCH_PATHS_QUOTED_FOR_TARGET_18)",
					"$(LIBRARY_SEARCH_PATHS_QUOTED_FOR_TARGET_19)",
					"$(LIBRARY_SEARCH_PATHS_QUOTED_FOR_TARGET_20)",
					"$(LIBRARY_SEARCH_PATHS_QUOTED_FOR_TARGET_21)",
					"$(LIBRARY_SEARCH_PATHS_QUOTED_FOR_TARGET_22)",
					"$(LIBRARY_SEARCH_PATHS_QUOTED_FOR_TARGET_23)",
					"$(LIBRARY_SEARCH_PATHS_QUOTED_FOR_TARGET_24)",
					"$(LIBRARY_SEARCH_PATHS_QUOTED_FOR_TARGET_25)",
					"$(LIBRARY_SEARCH_PATHS_QUOTED_FOR_TARGET_26)",
					"$(LIBRARY_SEARCH_PATHS_QUOTED_FOR_TARGET_27)",
					"$(LIBRARY_SEARCH_PATHS_QUOTED_FOR_TARGET_28)",
					"$(LIBRARY_SEARCH_PATHS_QUOTED_FOR_TARGET_29)",
					"$(LIBRARY_SEARCH_PATHS_QUOTED_FOR_TARGET_30)",
					"$(LIBRARY_SEARCH_PATHS_QUOTED_FOR_TARGET_31)",
					"$(LIBRARY_SEARCH_PATHS_QUOTED_FOR_TARGET_32)",
					"$(LIBRARY_SEARCH_PATHS_QUOTED_FOR_TARGET_33)",
					"$(LIBRARY_SEARCH_PATHS_QUOTED_FOR_TARGET_34)",
					"$(LIBRARY_SEARCH_PATHS_QUOTED_FOR_TARGET_35)",
					"$(LIBRARY_SEARCH_PATHS_QUOTED_FOR_TARGET_36)",
					"$(LIBRARY_SEARCH_PATHS_QUOTED_FOR_TARGET_37)",
					"$(LIBRARY_SEARCH_PATHS_QUOTED_FOR_TARGET_38)",
					"$(LIBRARY_SEARCH_PATHS_QUOTED_FOR_TARGET_39)",
					"$(LIBRARY_SEARCH_PATHS_QUOTED_FOR_TARGET_40)",
					"$(LIBRARY_SEARCH_PATHS_QUOTED_FOR_TARGET_41)",
					"$(LIBRARY_SEARCH_PATHS_QUOTED_FOR_TARGET_42)",
					"$(LIBRARY_SEARCH_PATHS_QUOTED_FOR_TARGET_43)",
					"$(LIBRARY_SEARCH_PATHS_QUOTED_FOR_TARGET_44)",
					"$(LIBRARY_SEARCH_PATHS_QUOTED_FOR_TARGET_45)",
					"$(LIBRARY_SEARCH_PATHS_QUOTED_FOR_TARGET_46)",
					"$(LIBRARY_SEARCH_PATHS_QUOTED_FOR_TARGET_47)",
					"$(LIBRARY_SEARCH_PATHS_QUOTED_FOR_TARGET_48)",
					"$(LIBRARY_SEARCH_PATHS_QUOTED_FOR_TARGET_49)",
					"$(LIBRARY_SEARCH_PATHS_QUOTED_FOR_TARGET_50)",
					"$(LIBRARY_SEARCH_PATHS_QUOTED_FOR_TARGET_51)",
					"$(LIBRARY_SEARCH_PATHS_QUOTED_FOR_TARGET_52)",
					"$(LIBRARY_SEARCH_PATHS_QUOTED_FOR_TARGET_1)",
					"$(LIBRARY_SEARCH_PATHS_QUOTED_FOR_TARGET_2)",
					"$(LIBRARY_SEARCH_PATHS_QUOTED_FOR_TARGET_3)",
					"$(LIBRARY_SEARCH_PATHS_QUOTED_FOR_TARGET_4)",
					"$(LIBRARY_SEARCH_PATHS_QUOTED_FOR_TARGET_5)",
					"$(LIBRARY_SEARCH_PATHS_QUOTED_FOR_TARGET_6)",
					"$(LIBRARY_SEARCH_PATHS_QUOTED_FOR_TARGET_7)",
					"$(LIBRARY_SEARCH_PATHS_QUOTED_FOR_TARGET_8)",
					"$(LIBRARY_SEARCH_PATHS_QUOTED_FOR_TARGET_9)",
					"$(LIBRARY_SEARCH_PATHS_QUOTED_FOR_TARGET_10)",
					"$(LIBRARY_SEARCH_PATHS_QUOTED_FOR_TARGET_11)",
					"$(LIBRARY_SEARCH_PATHS_QUOTED_FOR_TARGET_12)",
					"$(LIBRARY_SEARCH_PATHS_QUOTED_FOR_TARGET_13)",
					"$(LIBRARY_SEARCH_PATHS_QUOTED_FOR_TARGET_14)",
					"$(LIBRARY_SEARCH_PATHS_QUOTED_FOR_TARGET_15)",
					"$(LIBRARY_SEARCH_PATHS_QUOTED_FOR_TARGET_16)",
					/Users/kikko/Dev/cpp/openFrameworks/git/addons/ofxNI2/libs/NiTE2/lib/osx,
					/Users/kikko/Dev/cpp/openFrameworks/git/addons/ofxNI2/libs/old/NiTE2/lib/osx,
					/Users/kikko/Dev/cpp/openFrameworks/git/addons/ofxNI2/libs/old/OpenNI2/lib/new,
					/Users/kikko/Dev/cpp/openFrameworks/git/addons/ofxNI2/libs/old/OpenNI2/lib/old,
					/Users/kikko/Dev/cpp/openFrameworks/git/addons/ofxNI2/libs/old/OpenNI2/lib/osx/Drivers,
					/Users/kikko/Dev/cpp/openFrameworks/git/addons/ofxNI2/libs/old/OpenNI2/lib/osx,
					/Users/kikko/Dev/cpp/openFrameworks/git/addons/ofxNI2/libs/OpenNI2/lib/osx/Drivers,
					/Users/kikko/Dev/cpp/openFrameworks/git/addons/ofxNI2/libs/OpenNI2/lib/osx,
					/Users/kikko/Dev/cpp/openFrameworks/git/addons/ofxLibwebsockets/libs/libwebsockets/lib/linux64,
					/Users/kikko/Dev/cpp/openFrameworks/git/addons/ofxLibwebsockets/libs/libwebsockets/lib/linuxarmv6l,
					/Users/kikko/Dev/cpp/openFrameworks/git/addons/ofxLibwebsockets/libs/libwebsockets/lib/osx,
					/Users/kikko/Dev/cpp/openFrameworks/git/addons/ofxLibwebsockets/libs/libwebsockets/lib/win32/Debug,
					/Users/kikko/Dev/cpp/openFrameworks/git/addons/ofxLibwebsockets/libs/libwebsockets/lib/win32/Release,
					/Users/kikko/Dev/cpp/openFrameworks/git/addons/ofxLibwebsockets/libs/openssl/lib/osx,
					/Users/kikko/Dev/cpp/openFrameworks/git/addons/ofxLibwebsockets/libs/openssl/lib/win32,
					/Users/kikko/Dev/cpp/openFrameworks/git/libs/openFrameworksCompiled/lib/osx,
				);
				LIBRARY_SEARCH_PATHS_QUOTED_FOR_TARGET_1 = "\"$(SRCROOT)/libs/OpenNI2/lib/osx\"";
				LIBRARY_SEARCH_PATHS_QUOTED_FOR_TARGET_10 = "\"$(SRCROOT)/../libs/OpenNI2/lib/osx/Drivers\"";
				LIBRARY_SEARCH_PATHS_QUOTED_FOR_TARGET_11 = "\"$(SRCROOT)/../libs/NiTE/Redist\"";
				LIBRARY_SEARCH_PATHS_QUOTED_FOR_TARGET_12 = "\"$(SRCROOT)/../libs/NiTE2/Redist\"";
				LIBRARY_SEARCH_PATHS_QUOTED_FOR_TARGET_13 = "\"$(SRCROOT)/../libs/NiTE2/lib/osx\"";
				LIBRARY_SEARCH_PATHS_QUOTED_FOR_TARGET_14 = "\"$(SRCROOT)/../libs/NiTE2/lib/osx\"";
				LIBRARY_SEARCH_PATHS_QUOTED_FOR_TARGET_15 = "\"$(SRCROOT)/../libs/OpenNI2/lib/osx/Drivers\"";
				LIBRARY_SEARCH_PATHS_QUOTED_FOR_TARGET_16 = "\"$(SRCROOT)/../libs/OpenNI2/lib/osx\"";
				LIBRARY_SEARCH_PATHS_QUOTED_FOR_TARGET_2 = "\"$(SRCROOT)/libs/OpenNI2/lib/osx/OpenNI2/Drivers\"";
				LIBRARY_SEARCH_PATHS_QUOTED_FOR_TARGET_3 = "\"$(SRCROOT)/libs/OpenNI2/lib/osx/Drivers\"";
				LIBRARY_SEARCH_PATHS_QUOTED_FOR_TARGET_4 = "\"$(SRCROOT)/libs/OpenNI2/lib/osx/lib/Drivers\"";
				LIBRARY_SEARCH_PATHS_QUOTED_FOR_TARGET_5 = "\"$(SRCROOT)/libs/OpenNI2/lib/osx/lib\"";
				LIBRARY_SEARCH_PATHS_QUOTED_FOR_TARGET_6 = "\"$(SRCROOT)/../../../addons/ofxNI2/libs/OpenNI2/lib/osx/lib/Drivers\"";
				LIBRARY_SEARCH_PATHS_QUOTED_FOR_TARGET_7 = "\"$(SRCROOT)/../../../addons/ofxNI2/libs/OpenNI2/lib/osx/lib\"";
				LIBRARY_SEARCH_PATHS_QUOTED_FOR_TARGET_8 = "\"$(SRCROOT)/../libs/OpenNI2/lib/osx/Drivers\"";
				LIBRARY_SEARCH_PATHS_QUOTED_FOR_TARGET_9 = "\"$(SRCROOT)/../libs/OpenNI2/lib/osx\"";
				MACOSX_DEPLOYMENT_TARGET = 10.8;
				PREBINDING = NO;
				PRODUCT_NAME = "NiTE2-userTrackingDebug";
				WRAPPER_EXTENSION = app;
			};
			name = Debug;
		};
		E4B69B610A3A1757003C02F2 /* Release */ = {
			isa = XCBuildConfiguration;
			buildSettings = {
				COPY_PHASE_STRIP = YES;
				FRAMEWORK_SEARCH_PATHS = (
					"$(inherited)",
					"$(FRAMEWORK_SEARCH_PATHS_QUOTED_FOR_TARGET_1)",
				);
				FRAMEWORK_SEARCH_PATHS_QUOTED_FOR_TARGET_1 = "\"$(SRCROOT)/../../../libs/glut/lib/osx\"";
				GCC_ENABLE_FIX_AND_CONTINUE = NO;
				GCC_GENERATE_DEBUGGING_SYMBOLS = YES;
				GCC_MODEL_TUNING = NONE;
				GCC_PRECOMPILE_PREFIX_HEADER = YES;
				GCC_PREFIX_HEADER = "$(SYSTEM_LIBRARY_DIR)/Frameworks/Carbon.framework/Headers/Carbon.h";
				INFOPLIST_FILE = "openFrameworks-Info.plist";
				INSTALL_PATH = "$(HOME)/Applications";
				LIBRARY_SEARCH_PATHS = (
					"$(inherited)",
					"$(LIBRARY_SEARCH_PATHS_QUOTED_FOR_TARGET_1)",
					"$(LIBRARY_SEARCH_PATHS_QUOTED_FOR_TARGET_2)",
					"$(LIBRARY_SEARCH_PATHS_QUOTED_FOR_TARGET_3)",
					"$(LIBRARY_SEARCH_PATHS_QUOTED_FOR_TARGET_4)",
					"$(LIBRARY_SEARCH_PATHS_QUOTED_FOR_TARGET_5)",
					"$(LIBRARY_SEARCH_PATHS_QUOTED_FOR_TARGET_6)",
					"$(LIBRARY_SEARCH_PATHS_QUOTED_FOR_TARGET_7)",
					"$(LIBRARY_SEARCH_PATHS_QUOTED_FOR_TARGET_8)",
					"$(LIBRARY_SEARCH_PATHS_QUOTED_FOR_TARGET_9)",
					"$(LIBRARY_SEARCH_PATHS_QUOTED_FOR_TARGET_10)",
					"$(LIBRARY_SEARCH_PATHS_QUOTED_FOR_TARGET_11)",
					"$(LIBRARY_SEARCH_PATHS_QUOTED_FOR_TARGET_12)",
					"$(LIBRARY_SEARCH_PATHS_QUOTED_FOR_TARGET_13)",
					"$(LIBRARY_SEARCH_PATHS_QUOTED_FOR_TARGET_14)",
					"$(LIBRARY_SEARCH_PATHS_QUOTED_FOR_TARGET_15)",
					"$(LIBRARY_SEARCH_PATHS_QUOTED_FOR_TARGET_2)",
					"$(LIBRARY_SEARCH_PATHS_QUOTED_1)",
					"$(LIBRARY_SEARCH_PATHS_QUOTED_FOR_TARGET_3)",
					"$(LIBRARY_SEARCH_PATHS_QUOTED_FOR_TARGET_7)",
					"$(LIBRARY_SEARCH_PATHS_QUOTED_FOR_TARGET_8)",
					"$(LIBRARY_SEARCH_PATHS_QUOTED_FOR_TARGET_9)",
					"$(LIBRARY_SEARCH_PATHS_QUOTED_FOR_TARGET_10)",
					"$(LIBRARY_SEARCH_PATHS_QUOTED_FOR_TARGET_11)",
					"$(LIBRARY_SEARCH_PATHS_QUOTED_FOR_TARGET_12)",
					"$(LIBRARY_SEARCH_PATHS_QUOTED_FOR_TARGET_13)",
					"$(LIBRARY_SEARCH_PATHS_QUOTED_FOR_TARGET_16)",
					"$(LIBRARY_SEARCH_PATHS_QUOTED_FOR_TARGET_17)",
					"$(LIBRARY_SEARCH_PATHS_QUOTED_FOR_TARGET_18)",
					"$(LIBRARY_SEARCH_PATHS_QUOTED_FOR_TARGET_19)",
					"$(LIBRARY_SEARCH_PATHS_QUOTED_FOR_TARGET_20)",
					"$(LIBRARY_SEARCH_PATHS_QUOTED_FOR_TARGET_21)",
					"$(LIBRARY_SEARCH_PATHS_QUOTED_FOR_TARGET_22)",
					"$(LIBRARY_SEARCH_PATHS_QUOTED_FOR_TARGET_23)",
					"$(LIBRARY_SEARCH_PATHS_QUOTED_FOR_TARGET_24)",
					"$(LIBRARY_SEARCH_PATHS_QUOTED_FOR_TARGET_25)",
					"$(LIBRARY_SEARCH_PATHS_QUOTED_FOR_TARGET_26)",
					"$(LIBRARY_SEARCH_PATHS_QUOTED_FOR_TARGET_27)",
					"$(LIBRARY_SEARCH_PATHS_QUOTED_FOR_TARGET_28)",
					"$(LIBRARY_SEARCH_PATHS_QUOTED_FOR_TARGET_29)",
					"$(LIBRARY_SEARCH_PATHS_QUOTED_FOR_TARGET_30)",
					"$(LIBRARY_SEARCH_PATHS_QUOTED_FOR_TARGET_31)",
					"$(LIBRARY_SEARCH_PATHS_QUOTED_FOR_TARGET_32)",
					"$(LIBRARY_SEARCH_PATHS_QUOTED_FOR_TARGET_33)",
					"$(LIBRARY_SEARCH_PATHS_QUOTED_FOR_TARGET_34)",
					"$(LIBRARY_SEARCH_PATHS_QUOTED_FOR_TARGET_35)",
					"$(LIBRARY_SEARCH_PATHS_QUOTED_FOR_TARGET_36)",
					"$(LIBRARY_SEARCH_PATHS_QUOTED_FOR_TARGET_37)",
					"$(LIBRARY_SEARCH_PATHS_QUOTED_FOR_TARGET_38)",
					"$(LIBRARY_SEARCH_PATHS_QUOTED_FOR_TARGET_39)",
					"$(LIBRARY_SEARCH_PATHS_QUOTED_FOR_TARGET_40)",
					"$(LIBRARY_SEARCH_PATHS_QUOTED_FOR_TARGET_41)",
					"$(LIBRARY_SEARCH_PATHS_QUOTED_FOR_TARGET_42)",
					"$(LIBRARY_SEARCH_PATHS_QUOTED_FOR_TARGET_43)",
					"$(LIBRARY_SEARCH_PATHS_QUOTED_FOR_TARGET_44)",
					"$(LIBRARY_SEARCH_PATHS_QUOTED_FOR_TARGET_45)",
					"$(LIBRARY_SEARCH_PATHS_QUOTED_FOR_TARGET_46)",
					"$(LIBRARY_SEARCH_PATHS_QUOTED_FOR_TARGET_47)",
					"$(LIBRARY_SEARCH_PATHS_QUOTED_FOR_TARGET_48)",
					"$(LIBRARY_SEARCH_PATHS_QUOTED_FOR_TARGET_49)",
					"$(LIBRARY_SEARCH_PATHS_QUOTED_FOR_TARGET_50)",
					"$(LIBRARY_SEARCH_PATHS_QUOTED_FOR_TARGET_51)",
					"$(LIBRARY_SEARCH_PATHS_QUOTED_FOR_TARGET_1)",
					"$(LIBRARY_SEARCH_PATHS_QUOTED_FOR_TARGET_2)",
					"$(LIBRARY_SEARCH_PATHS_QUOTED_FOR_TARGET_3)",
					"$(LIBRARY_SEARCH_PATHS_QUOTED_FOR_TARGET_4)",
					"$(LIBRARY_SEARCH_PATHS_QUOTED_FOR_TARGET_5)",
					"$(LIBRARY_SEARCH_PATHS_QUOTED_FOR_TARGET_6)",
					"$(LIBRARY_SEARCH_PATHS_QUOTED_FOR_TARGET_7)",
					"$(LIBRARY_SEARCH_PATHS_QUOTED_FOR_TARGET_8)",
					"$(LIBRARY_SEARCH_PATHS_QUOTED_FOR_TARGET_9)",
					"$(LIBRARY_SEARCH_PATHS_QUOTED_FOR_TARGET_10)",
					"$(LIBRARY_SEARCH_PATHS_QUOTED_FOR_TARGET_11)",
					"$(LIBRARY_SEARCH_PATHS_QUOTED_FOR_TARGET_12)",
					"$(LIBRARY_SEARCH_PATHS_QUOTED_FOR_TARGET_13)",
					"$(LIBRARY_SEARCH_PATHS_QUOTED_FOR_TARGET_14)",
					"$(LIBRARY_SEARCH_PATHS_QUOTED_FOR_TARGET_15)",
					"$(LIBRARY_SEARCH_PATHS_QUOTED_FOR_TARGET_16)",
					/Users/kikko/Dev/cpp/openFrameworks/git/addons/ofxNI2/libs/NiTE2/lib/osx,
					/Users/kikko/Dev/cpp/openFrameworks/git/addons/ofxNI2/libs/old/NiTE2/lib/osx,
					/Users/kikko/Dev/cpp/openFrameworks/git/addons/ofxNI2/libs/old/OpenNI2/lib/new,
					/Users/kikko/Dev/cpp/openFrameworks/git/addons/ofxNI2/libs/old/OpenNI2/lib/old,
					/Users/kikko/Dev/cpp/openFrameworks/git/addons/ofxNI2/libs/old/OpenNI2/lib/osx/Drivers,
					/Users/kikko/Dev/cpp/openFrameworks/git/addons/ofxNI2/libs/old/OpenNI2/lib/osx,
					/Users/kikko/Dev/cpp/openFrameworks/git/addons/ofxNI2/libs/OpenNI2/lib/osx/Drivers,
					/Users/kikko/Dev/cpp/openFrameworks/git/addons/ofxNI2/libs/OpenNI2/lib/osx,
					/Users/kikko/Dev/cpp/openFrameworks/git/addons/ofxLibwebsockets/libs/libwebsockets/lib/linux64,
					/Users/kikko/Dev/cpp/openFrameworks/git/addons/ofxLibwebsockets/libs/libwebsockets/lib/linuxarmv6l,
					/Users/kikko/Dev/cpp/openFrameworks/git/addons/ofxLibwebsockets/libs/libwebsockets/lib/osx,
					/Users/kikko/Dev/cpp/openFrameworks/git/addons/ofxLibwebsockets/libs/libwebsockets/lib/win32/Debug,
					/Users/kikko/Dev/cpp/openFrameworks/git/addons/ofxLibwebsockets/libs/libwebsockets/lib/win32/Release,
					/Users/kikko/Dev/cpp/openFrameworks/git/addons/ofxLibwebsockets/libs/openssl/lib/osx,
					/Users/kikko/Dev/cpp/openFrameworks/git/addons/ofxLibwebsockets/libs/openssl/lib/win32,
					/Users/kikko/Dev/cpp/openFrameworks/git/libs/openFrameworksCompiled/lib/osx,
				);
				LIBRARY_SEARCH_PATHS_QUOTED_FOR_TARGET_1 = "\"$(SRCROOT)/libs/OpenNI2/lib/osx\"";
				LIBRARY_SEARCH_PATHS_QUOTED_FOR_TARGET_10 = "\"$(SRCROOT)/../libs/OpenNI2/lib/osx/Drivers\"";
				LIBRARY_SEARCH_PATHS_QUOTED_FOR_TARGET_11 = "\"$(SRCROOT)/../libs/NiTE/Redist\"";
				LIBRARY_SEARCH_PATHS_QUOTED_FOR_TARGET_12 = "\"$(SRCROOT)/../libs/NiTE2/Redist\"";
				LIBRARY_SEARCH_PATHS_QUOTED_FOR_TARGET_13 = "\"$(SRCROOT)/../libs/NiTE2/lib/osx\"";
				LIBRARY_SEARCH_PATHS_QUOTED_FOR_TARGET_14 = "\"$(SRCROOT)/../libs/NiTE2/lib/osx\"";
				LIBRARY_SEARCH_PATHS_QUOTED_FOR_TARGET_15 = "\"$(SRCROOT)/../libs/OpenNI2/lib/osx/Drivers\"";
				LIBRARY_SEARCH_PATHS_QUOTED_FOR_TARGET_16 = "\"$(SRCROOT)/../libs/OpenNI2/lib/osx\"";
				LIBRARY_SEARCH_PATHS_QUOTED_FOR_TARGET_2 = "\"$(SRCROOT)/libs/OpenNI2/lib/osx/OpenNI2/Drivers\"";
				LIBRARY_SEARCH_PATHS_QUOTED_FOR_TARGET_3 = "\"$(SRCROOT)/libs/OpenNI2/lib/osx/Drivers\"";
				LIBRARY_SEARCH_PATHS_QUOTED_FOR_TARGET_4 = "\"$(SRCROOT)/libs/OpenNI2/lib/osx/lib/Drivers\"";
				LIBRARY_SEARCH_PATHS_QUOTED_FOR_TARGET_5 = "\"$(SRCROOT)/libs/OpenNI2/lib/osx/lib\"";
				LIBRARY_SEARCH_PATHS_QUOTED_FOR_TARGET_6 = "\"$(SRCROOT)/../../../addons/ofxNI2/libs/OpenNI2/lib/osx/lib/Drivers\"";
				LIBRARY_SEARCH_PATHS_QUOTED_FOR_TARGET_7 = "\"$(SRCROOT)/../../../addons/ofxNI2/libs/OpenNI2/lib/osx/lib\"";
				LIBRARY_SEARCH_PATHS_QUOTED_FOR_TARGET_8 = "\"$(SRCROOT)/../libs/OpenNI2/lib/osx/Drivers\"";
				LIBRARY_SEARCH_PATHS_QUOTED_FOR_TARGET_9 = "\"$(SRCROOT)/../libs/OpenNI2/lib/osx\"";
				MACOSX_DEPLOYMENT_TARGET = 10.8;
				PREBINDING = NO;
				PRODUCT_NAME = "NiTE2-userTracking";
				WRAPPER_EXTENSION = app;
			};
			name = Release;
		};
/* End XCBuildConfiguration section */

/* Begin XCConfigurationList section */
		E4B69B4D0A3A1720003C02F2 /* Build configuration list for PBXProject "NiTE2-userTracking" */ = {
			isa = XCConfigurationList;
			buildConfigurations = (
				E4B69B4E0A3A1720003C02F2 /* Debug */,
				E4B69B4F0A3A1720003C02F2 /* Release */,
			);
			defaultConfigurationIsVisible = 0;
			defaultConfigurationName = Release;
		};
		E4B69B5F0A3A1757003C02F2 /* Build configuration list for PBXNativeTarget "NiTE2-userTracking" */ = {
			isa = XCConfigurationList;
			buildConfigurations = (
				E4B69B600A3A1757003C02F2 /* Debug */,
				E4B69B610A3A1757003C02F2 /* Release */,
			);
			defaultConfigurationIsVisible = 0;
			defaultConfigurationName = Release;
		};
/* End XCConfigurationList section */
	};
	rootObject = E4B69B4C0A3A1720003C02F2 /* Project object */;
}
